
Microsoft Visual Studio Solution File, Format Version 12.00
# Visual Studio Version 17
VisualStudioVersion = 17.3.32929.385
MinimumVisualStudioVersion = 10.0.40219.1
Project("{2150E333-8FDC-42A3-9474-1A3956D46DE8}") = "Services", "Services", "{01A31B40-7D1C-4730-B90A-3E742AECEB6D}"
EndProject
Project("{2150E333-8FDC-42A3-9474-1A3956D46DE8}") = "Catalog", "Catalog", "{77858D75-2011-456D-8B6A-2844EBCB0C09}"
EndProject
Project("{9A19103F-16F7-4668-BE54-9A1E7A4F7556}") = "Catalog.API", "Services\Catalog\Catalog.API\Catalog.API.csproj", "{69CE7EC7-D8C5-47BA-9FA6-F537C6FA3FFB}"
EndProject
Project("{E53339B2-1760-4266-BCC7-CA923CBCF16C}") = "docker-compose", "docker-compose.dcproj", "{9B438B3A-980E-4B5F-8082-16A648716DD3}"
EndProject
Project("{2150E333-8FDC-42A3-9474-1A3956D46DE8}") = "Basket", "Basket", "{8F3003B8-B99A-4490-9641-F48D57CDBE4D}"
EndProject
Project("{FAE04EC0-301F-11D3-BF4B-00C04F79EFBC}") = "Basket.API", "Services\Basket\Basket.API\Basket.API.csproj", "{93FB9B8E-E760-4A8B-8F6A-C9D518CA9A89}"
EndProject
Global
	GlobalSection(SolutionConfigurationPlatforms) = preSolution
		Debug|Any CPU = Debug|Any CPU
		Release|Any CPU = Release|Any CPU
	EndGlobalSection
	GlobalSection(ProjectConfigurationPlatforms) = postSolution
		{69CE7EC7-D8C5-47BA-9FA6-F537C6FA3FFB}.Debug|Any CPU.ActiveCfg = Debug|Any CPU
		{69CE7EC7-D8C5-47BA-9FA6-F537C6FA3FFB}.Debug|Any CPU.Build.0 = Debug|Any CPU
		{69CE7EC7-D8C5-47BA-9FA6-F537C6FA3FFB}.Release|Any CPU.ActiveCfg = Release|Any CPU
		{69CE7EC7-D8C5-47BA-9FA6-F537C6FA3FFB}.Release|Any CPU.Build.0 = Release|Any CPU
		{9B438B3A-980E-4B5F-8082-16A648716DD3}.Debug|Any CPU.ActiveCfg = Debug|Any CPU
		{9B438B3A-980E-4B5F-8082-16A648716DD3}.Debug|Any CPU.Build.0 = Debug|Any CPU
		{9B438B3A-980E-4B5F-8082-16A648716DD3}.Release|Any CPU.ActiveCfg = Release|Any CPU
		{9B438B3A-980E-4B5F-8082-16A648716DD3}.Release|Any CPU.Build.0 = Release|Any CPU
		{93FB9B8E-E760-4A8B-8F6A-C9D518CA9A89}.Debug|Any CPU.ActiveCfg = Debug|Any CPU
		{93FB9B8E-E760-4A8B-8F6A-C9D518CA9A89}.Debug|Any CPU.Build.0 = Debug|Any CPU
		{93FB9B8E-E760-4A8B-8F6A-C9D518CA9A89}.Release|Any CPU.ActiveCfg = Release|Any CPU
		{93FB9B8E-E760-4A8B-8F6A-C9D518CA9A89}.Release|Any CPU.Build.0 = Release|Any CPU
	EndGlobalSection
	GlobalSection(SolutionProperties) = preSolution
		HideSolutionNode = FALSE
	EndGlobalSection
	GlobalSection(NestedProjects) = preSolution
		{77858D75-2011-456D-8B6A-2844EBCB0C09} = {01A31B40-7D1C-4730-B90A-3E742AECEB6D}
		{69CE7EC7-D8C5-47BA-9FA6-F537C6FA3FFB} = {77858D75-2011-456D-8B6A-2844EBCB0C09}
		{8F3003B8-B99A-4490-9641-F48D57CDBE4D} = {01A31B40-7D1C-4730-B90A-3E742AECEB6D}
		{93FB9B8E-E760-4A8B-8F6A-C9D518CA9A89} = {8F3003B8-B99A-4490-9641-F48D57CDBE4D}
	EndGlobalSection
	GlobalSection(ExtensibilityGlobals) = postSolution
		SolutionGuid = {6A6F5BFA-3714-49C6-B7EA-5178D9CDE217}
	EndGlobalSection
EndGlobal
